
Microsoft Visual Studio Solution File, Format Version 12.00
# Visual Studio 15
Project("{FAE04EC0-301F-11D3-BF4B-00C04F79EFBC}") = "Assembly-CSharp", "Assembly-CSharp.csproj", "{D97D5FD4-A3BD-6F15-109E-3E59090F54D0}"
EndProject
Project("{FAE04EC0-301F-11D3-BF4B-00C04F79EFBC}") = "Assembly-CSharp-firstpass", "Assembly-CSharp-firstpass.csproj", "{CA34D91B-FBF0-842D-13FA-7D6E9D22ABA9}"
EndProject
Project("{FAE04EC0-301F-11D3-BF4B-00C04F79EFBC}") = "Assembly-CSharp-Editor", "Assembly-CSharp-Editor.csproj", "{450FBF62-AF5D-1E72-FA81-00FB9D3C1044}"
EndProject
Project("{FAE04EC0-301F-11D3-BF4B-00C04F79EFBC}") = "Assembly-CSharp-Editor-firstpass", "Assembly-CSharp-Editor-firstpass.csproj", "{04BBB377-AFD7-6C1F-112B-9F9092DD438C}"
EndProject
Global
	GlobalSection(SolutionConfigurationPlatforms) = preSolution
		Debug|Any CPU = Debug|Any CPU
		Release|Any CPU = Release|Any CPU
	EndGlobalSection
	GlobalSection(ProjectConfigurationPlatforms) = postSolution
		{D97D5FD4-A3BD-6F15-109E-3E59090F54D0}.Debug|Any CPU.ActiveCfg = Debug|Any CPU
		{D97D5FD4-A3BD-6F15-109E-3E59090F54D0}.Debug|Any CPU.Build.0 = Debug|Any CPU
		{D97D5FD4-A3BD-6F15-109E-3E59090F54D0}.Release|Any CPU.ActiveCfg = Release|Any CPU
		{D97D5FD4-A3BD-6F15-109E-3E59090F54D0}.Release|Any CPU.Build.0 = Release|Any CPU
		{CA34D91B-FBF0-842D-13FA-7D6E9D22ABA9}.Debug|Any CPU.ActiveCfg = Debug|Any CPU
		{CA34D91B-FBF0-842D-13FA-7D6E9D22ABA9}.Debug|Any CPU.Build.0 = Debug|Any CPU
		{CA34D91B-FBF0-842D-13FA-7D6E9D22ABA9}.Release|Any CPU.ActiveCfg = Release|Any CPU
		{CA34D91B-FBF0-842D-13FA-7D6E9D22ABA9}.Release|Any CPU.Build.0 = Release|Any CPU
		{450FBF62-AF5D-1E72-FA81-00FB9D3C1044}.Debug|Any CPU.ActiveCfg = Debug|Any CPU
		{450FBF62-AF5D-1E72-FA81-00FB9D3C1044}.Debug|Any CPU.Build.0 = Debug|Any CPU
		{450FBF62-AF5D-1E72-FA81-00FB9D3C1044}.Release|Any CPU.ActiveCfg = Release|Any CPU
		{450FBF62-AF5D-1E72-FA81-00FB9D3C1044}.Release|Any CPU.Build.0 = Release|Any CPU
		{04BBB377-AFD7-6C1F-112B-9F9092DD438C}.Debug|Any CPU.ActiveCfg = Debug|Any CPU
		{04BBB377-AFD7-6C1F-112B-9F9092DD438C}.Debug|Any CPU.Build.0 = Debug|Any CPU
		{04BBB377-AFD7-6C1F-112B-9F9092DD438C}.Release|Any CPU.ActiveCfg = Release|Any CPU
		{04BBB377-AFD7-6C1F-112B-9F9092DD438C}.Release|Any CPU.Build.0 = Release|Any CPU
	EndGlobalSection
	GlobalSection(SolutionProperties) = preSolution
		HideSolutionNode = FALSE
	EndGlobalSection
EndGlobal
